
Microsoft Visual Studio Solution File, Format Version 10.00
# Visual Studio 2008
Project("{2150E333-8FDC-42A3-9474-1A3956D46DE8}") = "component", "component", "{FFF58319-6C70-4925-AA0D-978FEBFCECB0}"
EndProject
Project("{2150E333-8FDC-42A3-9474-1A3956D46DE8}") = "sdk", "sdk", "{37D9BB38-18AC-4BC5-A727-1599C74146F0}"
EndProject
Project("{8BC9CEB8-8B4A-11D0-8D11-00A0C91BC942}") = "foobar2000_component_client", "..\foobar2000_component_client\foobar2000_component_client.vcproj", "{71AD2674-065B-48F5-B8B0-E1F9D3892081}"
EndProject
Project("{8BC9CEB8-8B4A-11D0-8D11-00A0C91BC942}") = "foobar2000_SDK", "..\SDK\foobar2000_SDK.vcproj", "{E8091321-D79D-4575-86EF-064EA1A4A20D}"
EndProject
Project("{8BC9CEB8-8B4A-11D0-8D11-00A0C91BC942}") = "foobar2000_sdk_helpers", "..\helpers\foobar2000_sdk_helpers.vcproj", "{EE47764E-A202-4F85-A767-ABDAB4AFF35F}"
EndProject
Project("{8BC9CEB8-8B4A-11D0-8D11-00A0C91BC942}") = "pfc", "..\..\pfc\pfc.vcproj", "{EBFFFB4E-261D-44D3-B89C-957B31A0BF9C}"
EndProject
Project("{2150E333-8FDC-42A3-9474-1A3956D46DE8}") = "notes", "notes", "{3117F769-29A9-4573-AA24-7E25E68B5EE8}"
	ProjectSection(SolutionItems) = preProject
		TODO.txt = TODO.txt
	EndProjectSection
EndProject
Project("{8BC9CEB8-8B4A-11D0-8D11-00A0C91BC942}") = "foo_vorbisstream", "foo_vorbisstream.vcproj", "{3C50F0A6-368D-4DDD-93D5-DB50B3730412}"
	ProjectSection(ProjectDependencies) = postProject
		{3A214E06-B95E-4D61-A291-1F8DF2EC10FD} = {3A214E06-B95E-4D61-A291-1F8DF2EC10FD}
		{E8091321-D79D-4575-86EF-064EA1A4A20D} = {E8091321-D79D-4575-86EF-064EA1A4A20D}
		{EE47764E-A202-4F85-A767-ABDAB4AFF35F} = {EE47764E-A202-4F85-A767-ABDAB4AFF35F}
		{EBFFFB4E-261D-44D3-B89C-957B31A0BF9C} = {EBFFFB4E-261D-44D3-B89C-957B31A0BF9C}
		{71AD2674-065B-48F5-B8B0-E1F9D3892081} = {71AD2674-065B-48F5-B8B0-E1F9D3892081}
		{15CBFEFF-7965-41F5-B4E2-21E8795C9159} = {15CBFEFF-7965-41F5-B4E2-21E8795C9159}
	EndProjectSection
EndProject
Project("{2150E333-8FDC-42A3-9474-1A3956D46DE8}") = "lib", "lib", "{90C102DC-6B31-4B1C-AB0A-98320FE98FF4}"
EndProject
Project("{8BC9CEB8-8B4A-11D0-8D11-00A0C91BC942}") = "libogg", "..\..\libogg-latest\libogg.vcproj", "{15CBFEFF-7965-41F5-B4E2-21E8795C9159}"
EndProject
Project("{8BC9CEB8-8B4A-11D0-8D11-00A0C91BC942}") = "libvorbis", "..\..\vorbis-aotuv-latest\libvorbis.vcproj", "{3A214E06-B95E-4D61-A291-1F8DF2EC10FD}"
EndProject
Global
	GlobalSection(SolutionConfigurationPlatforms) = preSolution
		Debug|Win32 = Debug|Win32
		Debug|x64 = Debug|x64
		Release_SSE|Win32 = Release_SSE|Win32
		Release_SSE|x64 = Release_SSE|x64
		Release_SSE2|Win32 = Release_SSE2|Win32
		Release_SSE2|x64 = Release_SSE2|x64
		Release|Win32 = Release|Win32
		Release|x64 = Release|x64
	EndGlobalSection
	GlobalSection(ProjectConfigurationPlatforms) = postSolution
		{71AD2674-065B-48F5-B8B0-E1F9D3892081}.Debug|Win32.ActiveCfg = Debug|Win32
		{71AD2674-065B-48F5-B8B0-E1F9D3892081}.Debug|Win32.Build.0 = Debug|Win32
		{71AD2674-065B-48F5-B8B0-E1F9D3892081}.Debug|x64.ActiveCfg = Debug|x64
		{71AD2674-065B-48F5-B8B0-E1F9D3892081}.Debug|x64.Build.0 = Debug|x64
		{71AD2674-065B-48F5-B8B0-E1F9D3892081}.Release_SSE|Win32.ActiveCfg = Release|x64
		{71AD2674-065B-48F5-B8B0-E1F9D3892081}.Release_SSE|x64.ActiveCfg = Release|x64
		{71AD2674-065B-48F5-B8B0-E1F9D3892081}.Release_SSE|x64.Build.0 = Release|x64
		{71AD2674-065B-48F5-B8B0-E1F9D3892081}.Release_SSE2|Win32.ActiveCfg = Release|x64
		{71AD2674-065B-48F5-B8B0-E1F9D3892081}.Release_SSE2|x64.ActiveCfg = Release|x64
		{71AD2674-065B-48F5-B8B0-E1F9D3892081}.Release_SSE2|x64.Build.0 = Release|x64
		{71AD2674-065B-48F5-B8B0-E1F9D3892081}.Release|Win32.ActiveCfg = Release|Win32
		{71AD2674-065B-48F5-B8B0-E1F9D3892081}.Release|Win32.Build.0 = Release|Win32
		{71AD2674-065B-48F5-B8B0-E1F9D3892081}.Release|x64.ActiveCfg = Release|x64
		{71AD2674-065B-48F5-B8B0-E1F9D3892081}.Release|x64.Build.0 = Release|x64
		{E8091321-D79D-4575-86EF-064EA1A4A20D}.Debug|Win32.ActiveCfg = Debug|Win32
		{E8091321-D79D-4575-86EF-064EA1A4A20D}.Debug|Win32.Build.0 = Debug|Win32
		{E8091321-D79D-4575-86EF-064EA1A4A20D}.Debug|x64.ActiveCfg = Debug|x64
		{E8091321-D79D-4575-86EF-064EA1A4A20D}.Debug|x64.Build.0 = Debug|x64
		{E8091321-D79D-4575-86EF-064EA1A4A20D}.Release_SSE|Win32.ActiveCfg = Release|x64
		{E8091321-D79D-4575-86EF-064EA1A4A20D}.Release_SSE|x64.ActiveCfg = Release|x64
		{E8091321-D79D-4575-86EF-064EA1A4A20D}.Release_SSE|x64.Build.0 = Release|x64
		{E8091321-D79D-4575-86EF-064EA1A4A20D}.Release_SSE2|Win32.ActiveCfg = Release|x64
		{E8091321-D79D-4575-86EF-064EA1A4A20D}.Release_SSE2|x64.ActiveCfg = Release|x64
		{E8091321-D79D-4575-86EF-064EA1A4A20D}.Release_SSE2|x64.Build.0 = Release|x64
		{E8091321-D79D-4575-86EF-064EA1A4A20D}.Release|Win32.ActiveCfg = Release|Win32
		{E8091321-D79D-4575-86EF-064EA1A4A20D}.Release|Win32.Build.0 = Release|Win32
		{E8091321-D79D-4575-86EF-064EA1A4A20D}.Release|x64.ActiveCfg = Release|x64
		{E8091321-D79D-4575-86EF-064EA1A4A20D}.Release|x64.Build.0 = Release|x64
		{EE47764E-A202-4F85-A767-ABDAB4AFF35F}.Debug|Win32.ActiveCfg = Debug|Win32
		{EE47764E-A202-4F85-A767-ABDAB4AFF35F}.Debug|Win32.Build.0 = Debug|Win32
		{EE47764E-A202-4F85-A767-ABDAB4AFF35F}.Debug|x64.ActiveCfg = Debug|x64
		{EE47764E-A202-4F85-A767-ABDAB4AFF35F}.Debug|x64.Build.0 = Debug|x64
		{EE47764E-A202-4F85-A767-ABDAB4AFF35F}.Release_SSE|Win32.ActiveCfg = Release|x64
		{EE47764E-A202-4F85-A767-ABDAB4AFF35F}.Release_SSE|x64.ActiveCfg = Release|x64
		{EE47764E-A202-4F85-A767-ABDAB4AFF35F}.Release_SSE|x64.Build.0 = Release|x64
		{EE47764E-A202-4F85-A767-ABDAB4AFF35F}.Release_SSE2|Win32.ActiveCfg = Release|x64
		{EE47764E-A202-4F85-A767-ABDAB4AFF35F}.Release_SSE2|x64.ActiveCfg = Release|x64
		{EE47764E-A202-4F85-A767-ABDAB4AFF35F}.Release_SSE2|x64.Build.0 = Release|x64
		{EE47764E-A202-4F85-A767-ABDAB4AFF35F}.Release|Win32.ActiveCfg = Release|Win32
		{EE47764E-A202-4F85-A767-ABDAB4AFF35F}.Release|Win32.Build.0 = Release|Win32
		{EE47764E-A202-4F85-A767-ABDAB4AFF35F}.Release|x64.ActiveCfg = Release|x64
		{EE47764E-A202-4F85-A767-ABDAB4AFF35F}.Release|x64.Build.0 = Release|x64
		{EBFFFB4E-261D-44D3-B89C-957B31A0BF9C}.Debug|Win32.ActiveCfg = Debug|Win32
		{EBFFFB4E-261D-44D3-B89C-957B31A0BF9C}.Debug|Win32.Build.0 = Debug|Win32
		{EBFFFB4E-261D-44D3-B89C-957B31A0BF9C}.Debug|x64.ActiveCfg = Debug|x64
		{EBFFFB4E-261D-44D3-B89C-957B31A0BF9C}.Debug|x64.Build.0 = Debug|x64
		{EBFFFB4E-261D-44D3-B89C-957B31A0BF9C}.Release_SSE|Win32.ActiveCfg = Release|x64
		{EBFFFB4E-261D-44D3-B89C-957B31A0BF9C}.Release_SSE|x64.ActiveCfg = Release|x64
		{EBFFFB4E-261D-44D3-B89C-957B31A0BF9C}.Release_SSE|x64.Build.0 = Release|x64
		{EBFFFB4E-261D-44D3-B89C-957B31A0BF9C}.Release_SSE2|Win32.ActiveCfg = Release|x64
		{EBFFFB4E-261D-44D3-B89C-957B31A0BF9C}.Release_SSE2|x64.ActiveCfg = Release|x64
		{EBFFFB4E-261D-44D3-B89C-957B31A0BF9C}.Release_SSE2|x64.Build.0 = Release|x64
		{EBFFFB4E-261D-44D3-B89C-957B31A0BF9C}.Release|Win32.ActiveCfg = Release|Win32
		{EBFFFB4E-261D-44D3-B89C-957B31A0BF9C}.Release|Win32.Build.0 = Release|Win32
		{EBFFFB4E-261D-44D3-B89C-957B31A0BF9C}.Release|x64.ActiveCfg = Release|x64
		{EBFFFB4E-261D-44D3-B89C-957B31A0BF9C}.Release|x64.Build.0 = Release|x64
		{3C50F0A6-368D-4DDD-93D5-DB50B3730412}.Debug|Win32.ActiveCfg = Debug|Win32
		{3C50F0A6-368D-4DDD-93D5-DB50B3730412}.Debug|Win32.Build.0 = Debug|Win32
		{3C50F0A6-368D-4DDD-93D5-DB50B3730412}.Debug|x64.ActiveCfg = Debug|Win32
		{3C50F0A6-368D-4DDD-93D5-DB50B3730412}.Release_SSE|Win32.ActiveCfg = Release|Win32
		{3C50F0A6-368D-4DDD-93D5-DB50B3730412}.Release_SSE|Win32.Build.0 = Release|Win32
		{3C50F0A6-368D-4DDD-93D5-DB50B3730412}.Release_SSE|x64.ActiveCfg = Release|Win32
		{3C50F0A6-368D-4DDD-93D5-DB50B3730412}.Release_SSE2|Win32.ActiveCfg = Release|Win32
		{3C50F0A6-368D-4DDD-93D5-DB50B3730412}.Release_SSE2|Win32.Build.0 = Release|Win32
		{3C50F0A6-368D-4DDD-93D5-DB50B3730412}.Release_SSE2|x64.ActiveCfg = Release|Win32
		{3C50F0A6-368D-4DDD-93D5-DB50B3730412}.Release|Win32.ActiveCfg = Release|Win32
		{3C50F0A6-368D-4DDD-93D5-DB50B3730412}.Release|Win32.Build.0 = Release|Win32
		{3C50F0A6-368D-4DDD-93D5-DB50B3730412}.Release|x64.ActiveCfg = Release|Win32
		{15CBFEFF-7965-41F5-B4E2-21E8795C9159}.Debug|Win32.ActiveCfg = Debug|Win32
		{15CBFEFF-7965-41F5-B4E2-21E8795C9159}.Debug|Win32.Build.0 = Debug|Win32
		{15CBFEFF-7965-41F5-B4E2-21E8795C9159}.Debug|x64.ActiveCfg = Debug|Win32
		{15CBFEFF-7965-41F5-B4E2-21E8795C9159}.Release_SSE|Win32.ActiveCfg = Release_SSE|Win32
		{15CBFEFF-7965-41F5-B4E2-21E8795C9159}.Release_SSE|Win32.Build.0 = Release_SSE|Win32
		{15CBFEFF-7965-41F5-B4E2-21E8795C9159}.Release_SSE|x64.ActiveCfg = Release_SSE|Win32
		{15CBFEFF-7965-41F5-B4E2-21E8795C9159}.Release_SSE2|Win32.ActiveCfg = Release_SSE2|Win32
		{15CBFEFF-7965-41F5-B4E2-21E8795C9159}.Release_SSE2|Win32.Build.0 = Release_SSE2|Win32
		{15CBFEFF-7965-41F5-B4E2-21E8795C9159}.Release_SSE2|x64.ActiveCfg = Release_SSE2|Win32
		{15CBFEFF-7965-41F5-B4E2-21E8795C9159}.Release|Win32.ActiveCfg = Release|Win32
		{15CBFEFF-7965-41F5-B4E2-21E8795C9159}.Release|Win32.Build.0 = Release|Win32
		{15CBFEFF-7965-41F5-B4E2-21E8795C9159}.Release|x64.ActiveCfg = Release|Win32
		{3A214E06-B95E-4D61-A291-1F8DF2EC10FD}.Debug|Win32.ActiveCfg = Debug|Win32
		{3A214E06-B95E-4D61-A291-1F8DF2EC10FD}.Debug|Win32.Build.0 = Debug|Win32
		{3A214E06-B95E-4D61-A291-1F8DF2EC10FD}.Debug|x64.ActiveCfg = Debug|Win32
		{3A214E06-B95E-4D61-A291-1F8DF2EC10FD}.Release_SSE|Win32.ActiveCfg = Release_SSE|Win32
		{3A214E06-B95E-4D61-A291-1F8DF2EC10FD}.Release_SSE|Win32.Build.0 = Release_SSE|Win32
		{3A214E06-B95E-4D61-A291-1F8DF2EC10FD}.Release_SSE|x64.ActiveCfg = Release_SSE|Win32
		{3A214E06-B95E-4D61-A291-1F8DF2EC10FD}.Release_SSE2|Win32.ActiveCfg = Release_SSE2|Win32
		{3A214E06-B95E-4D61-A291-1F8DF2EC10FD}.Release_SSE2|Win32.Build.0 = Release_SSE2|Win32
		{3A214E06-B95E-4D61-A291-1F8DF2EC10FD}.Release_SSE2|x64.ActiveCfg = Release_SSE2|Win32
		{3A214E06-B95E-4D61-A291-1F8DF2EC10FD}.Release|Win32.ActiveCfg = Release|Win32
		{3A214E06-B95E-4D61-A291-1F8DF2EC10FD}.Release|Win32.Build.0 = Release|Win32
		{3A214E06-B95E-4D61-A291-1F8DF2EC10FD}.Release|x64.ActiveCfg = Release|Win32
	EndGlobalSection
	GlobalSection(SolutionProperties) = preSolution
		HideSolutionNode = FALSE
	EndGlobalSection
	GlobalSection(NestedProjects) = preSolution
		{3C50F0A6-368D-4DDD-93D5-DB50B3730412} = {FFF58319-6C70-4925-AA0D-978FEBFCECB0}
		{71AD2674-065B-48F5-B8B0-E1F9D3892081} = {37D9BB38-18AC-4BC5-A727-1599C74146F0}
		{E8091321-D79D-4575-86EF-064EA1A4A20D} = {37D9BB38-18AC-4BC5-A727-1599C74146F0}
		{EE47764E-A202-4F85-A767-ABDAB4AFF35F} = {37D9BB38-18AC-4BC5-A727-1599C74146F0}
		{EBFFFB4E-261D-44D3-B89C-957B31A0BF9C} = {37D9BB38-18AC-4BC5-A727-1599C74146F0}
		{15CBFEFF-7965-41F5-B4E2-21E8795C9159} = {90C102DC-6B31-4B1C-AB0A-98320FE98FF4}
		{3A214E06-B95E-4D61-A291-1F8DF2EC10FD} = {90C102DC-6B31-4B1C-AB0A-98320FE98FF4}
	EndGlobalSection
EndGlobal
